{
  "requires": true,
  "lockfileVersion": 1,
  "dependencies": {
    "@types/dotenv": {
      "version": "8.2.0",
      "resolved": "https://registry.npmjs.org/@types/dotenv/-/dotenv-8.2.0.tgz",
      "integrity": "sha512-ylSC9GhfRH7m1EUXBXofhgx4lUWmFeQDINW5oLuS+gxWdfUeW4zJdeVTYVkexEW+e2VUvlZR2kGnGGipAWR7kw==",
      "dev": true,
      "requires": {
        "dotenv": "*"
      }
    },
    "dotenv": {
      "version": "8.2.0",
      "resolved": "https://registry.npmjs.org/dotenv/-/dotenv-8.2.0.tgz",
      "integrity": "sha512-8sJ78ElpbDJBHNeBzUbUVLsqKdccaa/BXF1uPTw3GrvQTBgrQrtObr2mUrE38vzYd8cEv+m/JBfDLioYcfXoaw==",
      "dev": true
    }
  }
}
